{
  "name": "node-styl-theme",
  "version": "0.0.1",
  "lockfileVersion": 1,
  "requires": true,
  "dependencies": {
    "node-styl": {
      "version": "0.0.6",
      "resolved": "https://registry.npmjs.org/node-styl/-/node-styl-0.0.6.tgz",
      "integrity": "sha512-Rwfrjl/jZAxcl6zhYorte/0DuaPG3g4L+2QmDOcOLRRByBcdxR/91PKFQJVtxT93xNs+N77+FQ5VUDyGgBGCew=="
    },
    "node-styl-rgb": {
      "version": "0.0.2",
      "resolved": "https://registry.npmjs.org/node-styl-rgb/-/node-styl-rgb-0.0.2.tgz",
      "integrity": "sha512-xks5TLGP4j+aar8BRN5mc41lGfu0jXa70g4+U2QBGrBxAN4Ef/KW3IDetcVI7pjHuB9RcOM2NKDXqUiqJw1vWw=="
    },
    "styl-abstract-theme": {
      "version": "0.0.1",
      "resolved": "https://registry.npmjs.org/styl-abstract-theme/-/styl-abstract-theme-0.0.1.tgz",
      "integrity": "sha512-77okjOecd8OBTUZEd1994Be8NmlJqcvQKw0HRLtII3GXPo6RmgBN23mrPZ7ZtFb7LQE+9g9SK07XivIFi/usQw=="
    }
  }
}
